
Microsoft Visual Studio Solution File, Format Version 12.00
# Visual Studio Version 16
VisualStudioVersion = 16.0.31321.278
MinimumVisualStudioVersion = 10.0.40219.1
Project("{FAE04EC0-301F-11D3-BF4B-00C04F79EFBC}") = "StackExample", "StackExample\StackExample.csproj", "{7008A132-3489-4864-8D6A-8C660FE545A6}"
EndProject
Global
	GlobalSection(SolutionConfigurationPlatforms) = preSolution
		Debug|Any CPU = Debug|Any CPU
		Release|Any CPU = Release|Any CPU
	EndGlobalSection
	GlobalSection(ProjectConfigurationPlatforms) = postSolution
		{7008A132-3489-4864-8D6A-8C660FE545A6}.Debug|Any CPU.ActiveCfg = Debug|Any CPU
		{7008A132-3489-4864-8D6A-8C660FE545A6}.Debug|Any CPU.Build.0 = Debug|Any CPU
		{7008A132-3489-4864-8D6A-8C660FE545A6}.Release|Any CPU.ActiveCfg = Release|Any CPU
		{7008A132-3489-4864-8D6A-8C660FE545A6}.Release|Any CPU.Build.0 = Release|Any CPU
	EndGlobalSection
	GlobalSection(SolutionProperties) = preSolution
		HideSolutionNode = FALSE
	EndGlobalSection
	GlobalSection(ExtensibilityGlobals) = postSolution
		SolutionGuid = {7EEEE664-EA3B-4148-B5C5-4E29BCEA7EA3}
	EndGlobalSection
EndGlobal
